PODS:
  - audio_streamer (0.0.1):
    - Flutter
  - Flutter (1.0.0)
  - flutter_audio_recorder2 (0.0.1):
    - Flutter
  - flutter_speech (0.0.1):
    - Flutter
  - path_provider (0.0.1):
    - Flutter
  - "permission_handler (5.1.0+2)":
    - Flutter
  - speech_recognition (0.3.0):
    - Flutter
  - speech_to_text (0.0.1):
    - Flutter
    - Try
  - Try (2.1.1)
  - url_launcher (0.0.1):
    - Flutter

DEPENDENCIES:
  - audio_streamer (from `.symlinks/plugins/audio_streamer/ios`)
  - Flutter (from `Flutter`)
  - flutter_audio_recorder2 (from `.symlinks/plugins/flutter_audio_recorder2/ios`)
  - flutter_speech (from `.symlinks/plugins/flutter_speech/ios`)
  - path_provider (from `.symlinks/plugins/path_provider/ios`)
  - permission_handler (from `.symlinks/plugins/permission_handler/ios`)
  - speech_recognition (from `.symlinks/plugins/speech_recognition/ios`)
  - speech_to_text (from `.symlinks/plugins/speech_to_text/ios`)
  - url_launcher (from `.symlinks/plugins/url_launcher/ios`)

SPEC REPOS:
  trunk:
    - Try

EXTERNAL SOURCES:
  audio_streamer:
    :path: ".symlinks/plugins/audio_streamer/ios"
  Flutter:
    :path: Flutter
  flutter_audio_recorder2:
    :path: ".symlinks/plugins/flutter_audio_recorder2/ios"
  flutter_speech:
    :path: ".symlinks/plugins/flutter_speech/ios"
  path_provider:
    :path: ".symlinks/plugins/path_provider/ios"
  permission_handler:
    :path: ".symlinks/plugins/permission_handler/ios"
  speech_recognition:
    :path: ".symlinks/plugins/speech_recognition/ios"
  speech_to_text:
    :path: ".symlinks/plugins/speech_to_text/ios"
  url_launcher:
    :path: ".symlinks/plugins/url_launcher/ios"

SPEC CHECKSUMS:
  audio_streamer: af49e73eb66f71c4eeabb4bbcb05f122d03a6709
  Flutter: 434fef37c0980e73bb6479ef766c45957d4b510c
  flutter_audio_recorder2: 0eda9d0c791d9d093e6f5f07df414d34edec4eda
  flutter_speech: d3db868ad1b390b5f6ac7308ec09b6b608545c03
  path_provider: fb74bd0465e96b594bb3b5088ee4a4e7bb1f2a9d
  permission_handler: ccb20a9fad0ee9b1314a52b70b76b473c5f8dab0
  speech_recognition: b5319aace06c3633c0547de44899f6e0bf8b2168
  speech_to_text: b43a7d99aef037bd758ed8e45d79bbac035d2dfe
  Try: 5ef669ae832617b3cee58cb2c6f99fb767a4ff96
  url_launcher: 6fef411d543ceb26efce54b05a0a40bfd74cbbef

PODFILE CHECKSUM: 1cfa7c4cdb8a710483be7042fe415349f06c0038

COCOAPODS: 1.10.1
